// !$*UTF8*$!
{
	archiveVersion = 1;
	classes = {
	};
	objectVersion = 50;
	objects = {

/* Begin PBXBuildFile section */
		3E11DB7F25DE162800ACFFEE /* AppDelegate.swift in Sources */ = {isa = PBXBuildFile; fileRef = 3E11DB7E25DE162800ACFFEE /* AppDelegate.swift */; };
		3E11DB8125DE162800ACFFEE /* SceneDelegate.swift in Sources */ = {isa = PBXBuildFile; fileRef = 3E11DB8025DE162800ACFFEE /* SceneDelegate.swift */; };
		3E11DB8625DE162800ACFFEE /* Main.storyboard in Resources */ = {isa = PBXBuildFile; fileRef = 3E11DB8425DE162800ACFFEE /* Main.storyboard */; };
		3E11DB8825DE162900ACFFEE /* Assets.xcassets in Resources */ = {isa = PBXBuildFile; fileRef = 3E11DB8725DE162900ACFFEE /* Assets.xcassets */; };
		3E11DB8B25DE162900ACFFEE /* LaunchScreen.storyboard in Resources */ = {isa = PBXBuildFile; fileRef = 3E11DB8925DE162900ACFFEE /* LaunchScreen.storyboard */; };
		3E11DB9625DE162A00ACFFEE /* flixsterTests.swift in Sources */ = {isa = PBXBuildFile; fileRef = 3E11DB9525DE162A00ACFFEE /* flixsterTests.swift */; };
		3E11DBA125DE162A00ACFFEE /* flixsterUITests.swift in Sources */ = {isa = PBXBuildFile; fileRef = 3E11DBA025DE162A00ACFFEE /* flixsterUITests.swift */; };
		3E11DBB525DE197100ACFFEE /* MoviesViewController.swift in Sources */ = {isa = PBXBuildFile; fileRef = 3E11DBB425DE197100ACFFEE /* MoviesViewController.swift */; };
		3E11DBBD25DE1CC300ACFFEE /* Codepath in Resources */ = {isa = PBXBuildFile; fileRef = 3E11DBBC25DE1CC300ACFFEE /* Codepath */; };
		3E11DBCA25DE2F4000ACFFEE /* MovieCell.swift in Sources */ = {isa = PBXBuildFile; fileRef = 3E11DBC925DE2F4000ACFFEE /* MovieCell.swift */; };
		5FA5D74D870A8CD83453E736 /* Pods_flixsterTests.framework in Frameworks */ = {isa = PBXBuildFile; fileRef = 93961FD9668E0DD859C78EDE /* Pods_flixsterTests.framework */; };
		98A2C31D47B8C27C0EFE3EBC /* Pods_flixster.framework in Frameworks */ = {isa = PBXBuildFile; fileRef = 3F4E48588E1C148D35A838CE /* Pods_flixster.framework */; };
		F0CED9A0FCD8A78326F06D04 /* Pods_flixster_flixsterUITests.framework in Frameworks */ = {isa = PBXBuildFile; fileRef = 3C212F015089237D057B4B38 /* Pods_flixster_flixsterUITests.framework */; };
/* End PBXBuildFile section */

/* Begin PBXContainerItemProxy section */
		3E11DB9225DE162A00ACFFEE /* PBXContainerItemProxy */ = {
			isa = PBXContainerItemProxy;
			containerPortal = 3E11DB7325DE162800ACFFEE /* Project object */;
			proxyType = 1;
			remoteGlobalIDString = 3E11DB7A25DE162800ACFFEE;
			remoteInfo = flixster;
		};
		3E11DB9D25DE162A00ACFFEE /* PBXContainerItemProxy */ = {
			isa = PBXContainerItemProxy;
			containerPortal = 3E11DB7325DE162800ACFFEE /* Project object */;
			proxyType = 1;
			remoteGlobalIDString = 3E11DB7A25DE162800ACFFEE;
			remoteInfo = flixster;
		};
/* End PBXContainerItemProxy section */

/* Begin PBXFileReference section */
		0188577D61939CEEEFEF4448 /* Pods-flixsterTests.debug.xcconfig */ = {isa = PBXFileReference; includeInIndex = 1; lastKnownFileType = text.xcconfig; name = "Pods-flixsterTests.debug.xcconfig"; path = "Target Support Files/Pods-flixsterTests/Pods-flixsterTests.debug.xcconfig"; sourceTree = "<group>"; };
		3C212F015089237D057B4B38 /* Pods_flixster_flixsterUITests.framework */ = {isa = PBXFileReference; explicitFileType = wrapper.framework; includeInIndex = 0; path = Pods_flixster_flixsterUITests.framework; sourceTree = BUILT_PRODUCTS_DIR; };
		3E11DB7B25DE162800ACFFEE /* flixster.app */ = {isa = PBXFileReference; explicitFileType = wrapper.application; includeInIndex = 0; path = flixster.app; sourceTree = BUILT_PRODUCTS_DIR; };
		3E11DB7E25DE162800ACFFEE /* AppDelegate.swift */ = {isa = PBXFileReference; lastKnownFileType = sourcecode.swift; path = AppDelegate.swift; sourceTree = "<group>"; };
		3E11DB8025DE162800ACFFEE /* SceneDelegate.swift */ = {isa = PBXFileReference; lastKnownFileType = sourcecode.swift; path = SceneDelegate.swift; sourceTree = "<group>"; };
		3E11DB8525DE162800ACFFEE /* Base */ = {isa = PBXFileReference; lastKnownFileType = file.storyboard; name = Base; path = Base.lproj/Main.storyboard; sourceTree = "<group>"; };
		3E11DB8725DE162900ACFFEE /* Assets.xcassets */ = {isa = PBXFileReference; lastKnownFileType = folder.assetcatalog; path = Assets.xcassets; sourceTree = "<group>"; };
		3E11DB8A25DE162900ACFFEE /* Base */ = {isa = PBXFileReference; lastKnownFileType = file.storyboard; name = Base; path = Base.lproj/LaunchScreen.storyboard; sourceTree = "<group>"; };
		3E11DB8C25DE162900ACFFEE /* Info.plist */ = {isa = PBXFileReference; lastKnownFileType = text.plist.xml; path = Info.plist; sourceTree = "<group>"; };
		3E11DB9125DE162A00ACFFEE /* flixsterTests.xctest */ = {isa = PBXFileReference; explicitFileType = wrapper.cfbundle; includeInIndex = 0; path = flixsterTests.xctest; sourceTree = BUILT_PRODUCTS_DIR; };
		3E11DB9525DE162A00ACFFEE /* flixsterTests.swift */ = {isa = PBXFileReference; lastKnownFileType = sourcecode.swift; path = flixsterTests.swift; sourceTree = "<group>"; };
		3E11DB9725DE162A00ACFFEE /* Info.plist */ = {isa = PBXFileReference; lastKnownFileType = text.plist.xml; path = Info.plist; sourceTree = "<group>"; };
		3E11DB9C25DE162A00ACFFEE /* flixsterUITests.xctest */ = {isa = PBXFileReference; explicitFileType = wrapper.cfbundle; includeInIndex = 0; path = flixsterUITests.xctest; sourceTree = BUILT_PRODUCTS_DIR; };
		3E11DBA025DE162A00ACFFEE /* flixsterUITests.swift */ = {isa = PBXFileReference; lastKnownFileType = sourcecode.swift; path = flixsterUITests.swift; sourceTree = "<group>"; };
		3E11DBA225DE162A00ACFFEE /* Info.plist */ = {isa = PBXFileReference; lastKnownFileType = text.plist.xml; path = Info.plist; sourceTree = "<group>"; };
		3E11DBB425DE197100ACFFEE /* MoviesViewController.swift */ = {isa = PBXFileReference; lastKnownFileType = sourcecode.swift; path = MoviesViewController.swift; sourceTree = "<group>"; };
		3E11DBBC25DE1CC300ACFFEE /* Codepath */ = {isa = PBXFileReference; lastKnownFileType = folder; name = Codepath; path = ../..; sourceTree = "<group>"; };
		3E11DBC925DE2F4000ACFFEE /* MovieCell.swift */ = {isa = PBXFileReference; lastKnownFileType = sourcecode.swift; path = MovieCell.swift; sourceTree = "<group>"; };
		3F4E48588E1C148D35A838CE /* Pods_flixster.framework */ = {isa = PBXFileReference; explicitFileType = wrapper.framework; includeInIndex = 0; path = Pods_flixster.framework; sourceTree = BUILT_PRODUCTS_DIR; };
		657F89FB9C13FC1C1EC996B4 /* Pods-flixster-flixsterUITests.release.xcconfig */ = {isa = PBXFileReference; includeInIndex = 1; lastKnownFileType = text.xcconfig; name = "Pods-flixster-flixsterUITests.release.xcconfig"; path = "Target Support Files/Pods-flixster-flixsterUITests/Pods-flixster-flixsterUITests.release.xcconfig"; sourceTree = "<group>"; };
		93961FD9668E0DD859C78EDE /* Pods_flixsterTests.framework */ = {isa = PBXFileReference; explicitFileType = wrapper.framework; includeInIndex = 0; path = Pods_flixsterTests.framework; sourceTree = BUILT_PRODUCTS_DIR; };
		941F5B05B638272408373C9E /* Pods-flixster.release.xcconfig */ = {isa = PBXFileReference; includeInIndex = 1; lastKnownFileType = text.xcconfig; name = "Pods-flixster.release.xcconfig"; path = "Target Support Files/Pods-flixster/Pods-flixster.release.xcconfig"; sourceTree = "<group>"; };
		AEF3AEBDB0496FFD063E2732 /* Pods-flixsterTests.release.xcconfig */ = {isa = PBXFileReference; includeInIndex = 1; lastKnownFileType = text.xcconfig; name = "Pods-flixsterTests.release.xcconfig"; path = "Target Support Files/Pods-flixsterTests/Pods-flixsterTests.release.xcconfig"; sourceTree = "<group>"; };
		B8A92EE355944081DB9DCFDB /* Pods-flixster-flixsterUITests.debug.xcconfig */ = {isa = PBXFileReference; includeInIndex = 1; lastKnownFileType = text.xcconfig; name = "Pods-flixster-flixsterUITests.debug.xcconfig"; path = "Target Support Files/Pods-flixster-flixsterUITests/Pods-flixster-flixsterUITests.debug.xcconfig"; sourceTree = "<group>"; };
		C341D62E7EB804AA98443802 /* Pods-flixster.debug.xcconfig */ = {isa = PBXFileReference; includeInIndex = 1; lastKnownFileType = text.xcconfig; name = "Pods-flixster.debug.xcconfig"; path = "Target Support Files/Pods-flixster/Pods-flixster.debug.xcconfig"; sourceTree = "<group>"; };
/* End PBXFileReference section */

/* Begin PBXFrameworksBuildPhase section */
		3E11DB7825DE162800ACFFEE /* Frameworks */ = {
			isa = PBXFrameworksBuildPhase;
			buildActionMask = 2147483647;
			files = (
				98A2C31D47B8C27C0EFE3EBC /* Pods_flixster.framework in Frameworks */,
			);
			runOnlyForDeploymentPostprocessing = 0;
		};
		3E11DB8E25DE162A00ACFFEE /* Frameworks */ = {
			isa = PBXFrameworksBuildPhase;
			buildActionMask = 2147483647;
			files = (
				5FA5D74D870A8CD83453E736 /* Pods_flixsterTests.framework in Frameworks */,
			);
			runOnlyForDeploymentPostprocessing = 0;
		};
		3E11DB9925DE162A00ACFFEE /* Frameworks */ = {
			isa = PBXFrameworksBuildPhase;
			buildActionMask = 2147483647;
			files = (
				F0CED9A0FCD8A78326F06D04 /* Pods_flixster_flixsterUITests.framework in Frameworks */,
			);
			runOnlyForDeploymentPostprocessing = 0;
		};
/* End PBXFrameworksBuildPhase section */

/* Begin PBXGroup section */
		16E5D612DBA8F3AC760F4147 /* Pods */ = {
			isa = PBXGroup;
			children = (
				C341D62E7EB804AA98443802 /* Pods-flixster.debug.xcconfig */,
				941F5B05B638272408373C9E /* Pods-flixster.release.xcconfig */,
				B8A92EE355944081DB9DCFDB /* Pods-flixster-flixsterUITests.debug.xcconfig */,
				657F89FB9C13FC1C1EC996B4 /* Pods-flixster-flixsterUITests.release.xcconfig */,
				0188577D61939CEEEFEF4448 /* Pods-flixsterTests.debug.xcconfig */,
				AEF3AEBDB0496FFD063E2732 /* Pods-flixsterTests.release.xcconfig */,
			);
			name = Pods;
			path = Pods;
			sourceTree = "<group>";
		};
		3E11DB7225DE162800ACFFEE = {
			isa = PBXGroup;
			children = (
				3E11DB7D25DE162800ACFFEE /* flixster */,
				3E11DB9425DE162A00ACFFEE /* flixsterTests */,
				3E11DB9F25DE162A00ACFFEE /* flixsterUITests */,
				3E11DB7C25DE162800ACFFEE /* Products */,
				16E5D612DBA8F3AC760F4147 /* Pods */,
				4BB1A32A91209E8581E435EB /* Frameworks */,
			);
			sourceTree = "<group>";
		};
		3E11DB7C25DE162800ACFFEE /* Products */ = {
			isa = PBXGroup;
			children = (
				3E11DB7B25DE162800ACFFEE /* flixster.app */,
				3E11DB9125DE162A00ACFFEE /* flixsterTests.xctest */,
				3E11DB9C25DE162A00ACFFEE /* flixsterUITests.xctest */,
			);
			name = Products;
			sourceTree = "<group>";
		};
		3E11DB7D25DE162800ACFFEE /* flixster */ = {
			isa = PBXGroup;
			children = (
				3E11DB7E25DE162800ACFFEE /* AppDelegate.swift */,
				3E11DB8025DE162800ACFFEE /* SceneDelegate.swift */,
				3E11DB8425DE162800ACFFEE /* Main.storyboard */,
				3E11DBC925DE2F4000ACFFEE /* MovieCell.swift */,
				3E11DB8725DE162900ACFFEE /* Assets.xcassets */,
				3E11DBBC25DE1CC300ACFFEE /* Codepath */,
				3E11DB8925DE162900ACFFEE /* LaunchScreen.storyboard */,
				3E11DB8C25DE162900ACFFEE /* Info.plist */,
				3E11DBB425DE197100ACFFEE /* MoviesViewController.swift */,
			);
			path = flixster;
			sourceTree = "<group>";
		};
		3E11DB9425DE162A00ACFFEE /* flixsterTests */ = {
			isa = PBXGroup;
			children = (
				3E11DB9525DE162A00ACFFEE /* flixsterTests.swift */,
				3E11DB9725DE162A00ACFFEE /* Info.plist */,
			);
			path = flixsterTests;
			sourceTree = "<group>";
		};
		3E11DB9F25DE162A00ACFFEE /* flixsterUITests */ = {
			isa = PBXGroup;
			children = (
				3E11DBA025DE162A00ACFFEE /* flixsterUITests.swift */,
				3E11DBA225DE162A00ACFFEE /* Info.plist */,
			);
			path = flixsterUITests;
			sourceTree = "<group>";
		};
		4BB1A32A91209E8581E435EB /* Frameworks */ = {
			isa = PBXGroup;
			children = (
				3F4E48588E1C148D35A838CE /* Pods_flixster.framework */,
				3C212F015089237D057B4B38 /* Pods_flixster_flixsterUITests.framework */,
				93961FD9668E0DD859C78EDE /* Pods_flixsterTests.framework */,
			);
			name = Frameworks;
			sourceTree = "<group>";
		};
/* End PBXGroup section */

/* Begin PBXNativeTarget section */
		3E11DB7A25DE162800ACFFEE /* flixster */ = {
			isa = PBXNativeTarget;
			buildConfigurationList = 3E11DBA525DE162A00ACFFEE /* Build configuration list for PBXNativeTarget "flixster" */;
			buildPhases = (
				4827F90FC286670D93E57A0A /* [CP] Check Pods Manifest.lock */,
				3E11DB7725DE162800ACFFEE /* Sources */,
				3E11DB7825DE162800ACFFEE /* Frameworks */,
				3E11DB7925DE162800ACFFEE /* Resources */,
				C90D87031D4EFDCD121DB93C /* [CP] Embed Pods Frameworks */,
			);
			buildRules = (
			);
			dependencies = (
			);
			name = flixster;
			productName = flixster;
			productReference = 3E11DB7B25DE162800ACFFEE /* flixster.app */;
			productType = "com.apple.product-type.application";
		};
		3E11DB9025DE162A00ACFFEE /* flixsterTests */ = {
			isa = PBXNativeTarget;
			buildConfigurationList = 3E11DBA825DE162A00ACFFEE /* Build configuration list for PBXNativeTarget "flixsterTests" */;
			buildPhases = (
				88A57208D912137A47F58E84 /* [CP] Check Pods Manifest.lock */,
				3E11DB8D25DE162A00ACFFEE /* Sources */,
				3E11DB8E25DE162A00ACFFEE /* Frameworks */,
				3E11DB8F25DE162A00ACFFEE /* Resources */,
			);
			buildRules = (
			);
			dependencies = (
				3E11DB9325DE162A00ACFFEE /* PBXTargetDependency */,
			);
			name = flixsterTests;
			productName = flixsterTests;
			productReference = 3E11DB9125DE162A00ACFFEE /* flixsterTests.xctest */;
			productType = "com.apple.product-type.bundle.unit-test";
		};
		3E11DB9B25DE162A00ACFFEE /* flixsterUITests */ = {
			isa = PBXNativeTarget;
			buildConfigurationList = 3E11DBAB25DE162A00ACFFEE /* Build configuration list for PBXNativeTarget "flixsterUITests" */;
			buildPhases = (
				F5962FB327C10D981E80FAFA /* [CP] Check Pods Manifest.lock */,
				3E11DB9825DE162A00ACFFEE /* Sources */,
				3E11DB9925DE162A00ACFFEE /* Frameworks */,
				3E11DB9A25DE162A00ACFFEE /* Resources */,
				AB7BBA7AF7210C4EBCB9F480 /* [CP] Embed Pods Frameworks */,
			);
			buildRules = (
			);
			dependencies = (
				3E11DB9E25DE162A00ACFFEE /* PBXTargetDependency */,
			);
			name = flixsterUITests;
			productName = flixsterUITests;
			productReference = 3E11DB9C25DE162A00ACFFEE /* flixsterUITests.xctest */;
			productType = "com.apple.product-type.bundle.ui-testing";
		};
/* End PBXNativeTarget section */

/* Begin PBXProject section */
		3E11DB7325DE162800ACFFEE /* Project object */ = {
			isa = PBXProject;
			attributes = {
				LastSwiftUpdateCheck = 1240;
				LastUpgradeCheck = 1240;
				TargetAttributes = {
					3E11DB7A25DE162800ACFFEE = {
						CreatedOnToolsVersion = 12.4;
					};
					3E11DB9025DE162A00ACFFEE = {
						CreatedOnToolsVersion = 12.4;
						TestTargetID = 3E11DB7A25DE162800ACFFEE;
					};
					3E11DB9B25DE162A00ACFFEE = {
						CreatedOnToolsVersion = 12.4;
						TestTargetID = 3E11DB7A25DE162800ACFFEE;
					};
				};
			};
			buildConfigurationList = 3E11DB7625DE162800ACFFEE /* Build configuration list for PBXProject "flixster" */;
			compatibilityVersion = "Xcode 9.3";
			developmentRegion = en;
			hasScannedForEncodings = 0;
			knownRegions = (
				en,
				Base,
			);
			mainGroup = 3E11DB7225DE162800ACFFEE;
			productRefGroup = 3E11DB7C25DE162800ACFFEE /* Products */;
			projectDirPath = "";
			projectRoot = "";
			targets = (
				3E11DB7A25DE162800ACFFEE /* flixster */,
				3E11DB9025DE162A00ACFFEE /* flixsterTests */,
				3E11DB9B25DE162A00ACFFEE /* flixsterUITests */,
			);
		};
/* End PBXProject section */

/* Begin PBXResourcesBuildPhase section */
		3E11DB7925DE162800ACFFEE /* Resources */ = {
			isa = PBXResourcesBuildPhase;
			buildActionMask = 2147483647;
			files = (
				3E11DBBD25DE1CC300ACFFEE /* Codepath in Resources */,
				3E11DB8B25DE162900ACFFEE /* LaunchScreen.storyboard in Resources */,
				3E11DB8825DE162900ACFFEE /* Assets.xcassets in Resources */,
				3E11DB8625DE162800ACFFEE /* Main.storyboard in Resources */,
			);
			runOnlyForDeploymentPostprocessing = 0;
		};
		3E11DB8F25DE162A00ACFFEE /* Resources */ = {
			isa = PBXResourcesBuildPhase;
			buildActionMask = 2147483647;
			files = (
			);
			runOnlyForDeploymentPostprocessing = 0;
		};
		3E11DB9A25DE162A00ACFFEE /* Resources */ = {
			isa = PBXResourcesBuildPhase;
			buildActionMask = 2147483647;
			files = (
			);
			runOnlyForDeploymentPostprocessing = 0;
		};
/* End PBXResourcesBuildPhase section */

/* Begin PBXShellScriptBuildPhase section */
		4827F90FC286670D93E57A0A /* [CP] Check Pods Manifest.lock */ = {
			isa = PBXShellScriptBuildPhase;
			buildActionMask = 2147483647;
			files = (
			);
			inputFileListPaths = (
			);
			inputPaths = (
				"${PODS_PODFILE_DIR_PATH}/Podfile.lock",
				"${PODS_ROOT}/Manifest.lock",
			);
			name = "[CP] Check Pods Manifest.lock";
			outputFileListPaths = (
			);
			outputPaths = (
				"$(DERIVED_FILE_DIR)/Pods-flixster-checkManifestLockResult.txt",
			);
			runOnlyForDeploymentPostprocessing = 0;
			shellPath = /bin/sh;
			shellScript = "diff \"${PODS_PODFILE_DIR_PATH}/Podfile.lock\" \"${PODS_ROOT}/Manifest.lock\" > /dev/null\nif [ $? != 0 ] ; then\n    # print error to STDERR\n    echo \"error: The sandbox is not in sync with the Podfile.lock. Run 'pod install' or update your CocoaPods installation.\" >&2\n    exit 1\nfi\n# This output is used by Xcode 'outputs' to avoid re-running this script phase.\necho \"SUCCESS\" > \"${SCRIPT_OUTPUT_FILE_0}\"\n";
			showEnvVarsInLog = 0;
		};
		88A57208D912137A47F58E84 /* [CP] Check Pods Manifest.lock */ = {
			isa = PBXShellScriptBuildPhase;
			buildActionMask = 2147483647;
			files = (
			);
			inputFileListPaths = (
			);
			inputPaths = (
				"${PODS_PODFILE_DIR_PATH}/Podfile.lock",
				"${PODS_ROOT}/Manifest.lock",
			);
			name = "[CP] Check Pods Manifest.lock";
			outputFileListPaths = (
			);
			outputPaths = (
				"$(DERIVED_FILE_DIR)/Pods-flixsterTests-checkManifestLockResult.txt",
			);
			runOnlyForDeploymentPostprocessing = 0;
			shellPath = /bin/sh;
			shellScript = "diff \"${PODS_PODFILE_DIR_PATH}/Podfile.lock\" \"${PODS_ROOT}/Manifest.lock\" > /dev/null\nif [ $? != 0 ] ; then\n    # print error to STDERR\n    echo \"error: The sandbox is not in sync with the Podfile.lock. Run 'pod install' or update your CocoaPods installation.\" >&2\n    exit 1\nfi\n# This output is used by Xcode 'outputs' to avoid re-running this script phase.\necho \"SUCCESS\" > \"${SCRIPT_OUTPUT_FILE_0}\"\n";
			showEnvVarsInLog = 0;
		};
		AB7BBA7AF7210C4EBCB9F480 /* [CP] Embed Pods Frameworks */ = {
			isa = PBXShellScriptBuildPhase;
			buildActionMask = 2147483647;
			files = (
			);
			inputFileListPaths = (
				"${PODS_ROOT}/Target Support Files/Pods-flixster-flixsterUITests/Pods-flixster-flixsterUITests-frameworks-${CONFIGURATION}-input-files.xcfilelist",
			);
			name = "[CP] Embed Pods Frameworks";
			outputFileListPaths = (
				"${PODS_ROOT}/Target Support Files/Pods-flixster-flixsterUITests/Pods-flixster-flixsterUITests-frameworks-${CONFIGURATION}-output-files.xcfilelist",
			);
			runOnlyForDeploymentPostprocessing = 0;
			shellPath = /bin/sh;
			shellScript = "\"${PODS_ROOT}/Target Support Files/Pods-flixster-flixsterUITests/Pods-flixster-flixsterUITests-frameworks.sh\"\n";
			showEnvVarsInLog = 0;
		};
		C90D87031D4EFDCD121DB93C /* [CP] Embed Pods Frameworks */ = {
			isa = PBXShellScriptBuildPhase;
			buildActionMask = 2147483647;
			files = (
			);
			inputFileListPaths = (
				"${PODS_ROOT}/Target Support Files/Pods-flixster/Pods-flixster-frameworks-${CONFIGURATION}-input-files.xcfilelist",
			);
			name = "[CP] Embed Pods Frameworks";
			outputFileListPaths = (
				"${PODS_ROOT}/Target Support Files/Pods-flixster/Pods-flixster-frameworks-${CONFIGURATION}-output-files.xcfilelist",
			);
			runOnlyForDeploymentPostprocessing = 0;
			shellPath = /bin/sh;
			shellScript = "\"${PODS_ROOT}/Target Support Files/Pods-flixster/Pods-flixster-frameworks.sh\"\n";
			showEnvVarsInLog = 0;
		};
		F5962FB327C10D981E80FAFA /* [CP] Check Pods Manifest.lock */ = {
			isa = PBXShellScriptBuildPhase;
			buildActionMask = 2147483647;
			files = (
			);
			inputFileListPaths = (
			);
			inputPaths = (
				"${PODS_PODFILE_DIR_PATH}/Podfile.lock",
				"${PODS_ROOT}/Manifest.lock",
			);
			name = "[CP] Check Pods Manifest.lock";
			outputFileListPaths = (
			);
			outputPaths = (
				"$(DERIVED_FILE_DIR)/Pods-flixster-flixsterUITests-checkManifestLockResult.txt",
			);
			runOnlyForDeploymentPostprocessing = 0;
			shellPath = /bin/sh;
			shellScript = "diff \"${PODS_PODFILE_DIR_PATH}/Podfile.lock\" \"${PODS_ROOT}/Manifest.lock\" > /dev/null\nif [ $? != 0 ] ; then\n    # print error to STDERR\n    echo \"error: The sandbox is not in sync with the Podfile.lock. Run 'pod install' or update your CocoaPods installation.\" >&2\n    exit 1\nfi\n# This output is used by Xcode 'outputs' to avoid re-running this script phase.\necho \"SUCCESS\" > \"${SCRIPT_OUTPUT_FILE_0}\"\n";
			showEnvVarsInLog = 0;
		};
/* End PBXShellScriptBuildPhase section */

/* Begin PBXSourcesBuildPhase section */
		3E11DB7725DE162800ACFFEE /* Sources */ = {
			isa = PBXSourcesBuildPhase;
			buildActionMask = 2147483647;
			files = (
				3E11DB7F25DE162800ACFFEE /* AppDelegate.swift in Sources */,
				3E11DB8125DE162800ACFFEE /* SceneDelegate.swift in Sources */,
				3E11DBCA25DE2F4000ACFFEE /* MovieCell.swift in Sources */,
				3E11DBB525DE197100ACFFEE /* MoviesViewController.swift in Sources */,
			);
			runOnlyForDeploymentPostprocessing = 0;
		};
		3E11DB8D25DE162A00ACFFEE /* Sources */ = {
			isa = PBXSourcesBuildPhase;
			buildActionMask = 2147483647;
			files = (
				3E11DB9625DE162A00ACFFEE /* flixsterTests.swift in Sources */,
			);
			runOnlyForDeploymentPostprocessing = 0;
		};
		3E11DB9825DE162A00ACFFEE /* Sources */ = {
			isa = PBXSourcesBuildPhase;
			buildActionMask = 2147483647;
			files = (
				3E11DBA125DE162A00ACFFEE /* flixsterUITests.swift in Sources */,
			);
			runOnlyForDeploymentPostprocessing = 0;
		};
/* End PBXSourcesBuildPhase section */

/* Begin PBXTargetDependency section */
		3E11DB9325DE162A00ACFFEE /* PBXTargetDependency */ = {
			isa = PBXTargetDependency;
			target = 3E11DB7A25DE162800ACFFEE /* flixster */;
			targetProxy = 3E11DB9225DE162A00ACFFEE /* PBXContainerItemProxy */;
		};
		3E11DB9E25DE162A00ACFFEE /* PBXTargetDependency */ = {
			isa = PBXTargetDependency;
			target = 3E11DB7A25DE162800ACFFEE /* flixster */;
			targetProxy = 3E11DB9D25DE162A00ACFFEE /* PBXContainerItemProxy */;
		};
/* End PBXTargetDependency section */

/* Begin PBXVariantGroup section */
		3E11DB8425DE162800ACFFEE /* Main.storyboard */ = {
			isa = PBXVariantGroup;
			children = (
				3E11DB8525DE162800ACFFEE /* Base */,
			);
			name = Main.storyboard;
			sourceTree = "<group>";
		};
		3E11DB8925DE162900ACFFEE /* LaunchScreen.storyboard */ = {
			isa = PBXVariantGroup;
			children = (
				3E11DB8A25DE162900ACFFEE /* Base */,
			);
			name = LaunchScreen.storyboard;
			sourceTree = "<group>";
		};
/* End PBXVariantGroup section */

/* Begin XCBuildConfiguration section */
		3E11DBA325DE162A00ACFFEE /* Debug */ = {
			isa = XCBuildConfiguration;
			buildSettings = {
				ALWAYS_SEARCH_USER_PATHS = NO;
				CLANG_ANALYZER_NONNULL = YES;
				CLANG_ANALYZER_NUMBER_OBJECT_CONVERSION = YES_AGGRESSIVE;
				CLANG_CXX_LANGUAGE_STANDARD = "gnu++14";
				CLANG_CXX_LIBRARY = "libc++";
				CLANG_ENABLE_MODULES = YES;
				CLANG_ENABLE_OBJC_ARC = YES;
				CLANG_ENABLE_OBJC_WEAK = YES;
				CLANG_WARN_BLOCK_CAPTURE_AUTORELEASING = YES;
				CLANG_WARN_BOOL_CONVERSION = YES;
				CLANG_WARN_COMMA = YES;
				CLANG_WARN_CONSTANT_CONVERSION = YES;
				CLANG_WARN_DEPRECATED_OBJC_IMPLEMENTATIONS = YES;
				CLANG_WARN_DIRECT_OBJC_ISA_USAGE = YES_ERROR;
				CLANG_WARN_DOCUMENTATION_COMMENTS = YES;
				CLANG_WARN_EMPTY_BODY = YES;
				CLANG_WARN_ENUM_CONVERSION = YES;
				CLANG_WARN_INFINITE_RECURSION = YES;
				CLANG_WARN_INT_CONVERSION = YES;
				CLANG_WARN_NON_LITERAL_NULL_CONVERSION = YES;
				CLANG_WARN_OBJC_IMPLICIT_RETAIN_SELF = YES;
				CLANG_WARN_OBJC_LITERAL_CONVERSION = YES;
				CLANG_WARN_OBJC_ROOT_CLASS = YES_ERROR;
				CLANG_WARN_QUOTED_INCLUDE_IN_FRAMEWORK_HEADER = YES;
				CLANG_WARN_RANGE_LOOP_ANALYSIS = YES;
				CLANG_WARN_STRICT_PROTOTYPES = YES;
				CLANG_WARN_SUSPICIOUS_MOVE = YES;
				CLANG_WARN_UNGUARDED_AVAILABILITY = YES_AGGRESSIVE;
				CLANG_WARN_UNREACHABLE_CODE = YES;
				CLANG_WARN__DUPLICATE_METHOD_MATCH = YES;
				COPY_PHASE_STRIP = NO;
				DEBUG_INFORMATION_FORMAT = dwarf;
				ENABLE_STRICT_OBJC_MSGSEND = YES;
				ENABLE_TESTABILITY = YES;
				GCC_C_LANGUAGE_STANDARD = gnu11;
				GCC_DYNAMIC_NO_PIC = NO;
				GCC_NO_COMMON_BLOCKS = YES;
				GCC_OPTIMIZATION_LEVEL = 0;
				GCC_PREPROCESSOR_DEFINITIONS = (
					"DEBUG=1",
					"$(inherited)",
				);
				GCC_WARN_64_TO_32_BIT_CONVERSION = YES;
				GCC_WARN_ABOUT_RETURN_TYPE = YES_ERROR;
				GCC_WARN_UNDECLARED_SELECTOR = YES;
				GCC_WARN_UNINITIALIZED_AUTOS = YES_AGGRESSIVE;
				GCC_WARN_UNUSED_FUNCTION = YES;
				GCC_WARN_UNUSED_VARIABLE = YES;
				IPHONEOS_DEPLOYMENT_TARGET = 14.4;
				MTL_ENABLE_DEBUG_INFO = INCLUDE_SOURCE;
				MTL_FAST_MATH = YES;
				ONLY_ACTIVE_ARCH = YES;
				SDKROOT = iphoneos;
				SWIFT_ACTIVE_COMPILATION_CONDITIONS = DEBUG;
				SWIFT_OPTIMIZATION_LEVEL = "-Onone";
			};
			name = Debug;
		};
		3E11DBA425DE162A00ACFFEE /* Release */ = {
			isa = XCBuildConfiguration;
			buildSettings = {
				ALWAYS_SEARCH_USER_PATHS = NO;
				CLANG_ANALYZER_NONNULL = YES;
				CLANG_ANALYZER_NUMBER_OBJECT_CONVERSION = YES_AGGRESSIVE;
				CLANG_CXX_LANGUAGE_STANDARD = "gnu++14";
				CLANG_CXX_LIBRARY = "libc++";
				CLANG_ENABLE_MODULES = YES;
				CLANG_ENABLE_OBJC_ARC = YES;
				CLANG_ENABLE_OBJC_WEAK = YES;
				CLANG_WARN_BLOCK_CAPTURE_AUTORELEASING = YES;
				CLANG_WARN_BOOL_CONVERSION = YES;
				CLANG_WARN_COMMA = YES;
				CLANG_WARN_CONSTANT_CONVERSION = YES;
				CLANG_WARN_DEPRECATED_OBJC_IMPLEMENTATIONS = YES;
				CLANG_WARN_DIRECT_OBJC_ISA_USAGE = YES_ERROR;
				CLANG_WARN_DOCUMENTATION_COMMENTS = YES;
				CLANG_WARN_EMPTY_BODY = YES;
				CLANG_WARN_ENUM_CONVERSION = YES;
				CLANG_WARN_INFINITE_RECURSION = YES;
				CLANG_WARN_INT_CONVERSION = YES;
				CLANG_WARN_NON_LITERAL_NULL_CONVERSION = YES;
				CLANG_WARN_OBJC_IMPLICIT_RETAIN_SELF = YES;
				CLANG_WARN_OBJC_LITERAL_CONVERSION = YES;
				CLANG_WARN_OBJC_ROOT_CLASS = YES_ERROR;
				CLANG_WARN_QUOTED_INCLUDE_IN_FRAMEWORK_HEADER = YES;
				CLANG_WARN_RANGE_LOOP_ANALYSIS = YES;
				CLANG_WARN_STRICT_PROTOTYPES = YES;
				CLANG_WARN_SUSPICIOUS_MOVE = YES;
				CLANG_WARN_UNGUARDED_AVAILABILITY = YES_AGGRESSIVE;
				CLANG_WARN_UNREACHABLE_CODE = YES;
				CLANG_WARN__DUPLICATE_METHOD_MATCH = YES;
				COPY_PHASE_STRIP = NO;
				DEBUG_INFORMATION_FORMAT = "dwarf-with-dsym";
				ENABLE_NS_ASSERTIONS = NO;
				ENABLE_STRICT_OBJC_MSGSEND = YES;
				GCC_C_LANGUAGE_STANDARD = gnu11;
				GCC_NO_COMMON_BLOCKS = YES;
				GCC_WARN_64_TO_32_BIT_CONVERSION = YES;
				GCC_WARN_ABOUT_RETURN_TYPE = YES_ERROR;
				GCC_WARN_UNDECLARED_SELECTOR = YES;
				GCC_WARN_UNINITIALIZED_AUTOS = YES_AGGRESSIVE;
				GCC_WARN_UNUSED_FUNCTION = YES;
				GCC_WARN_UNUSED_VARIABLE = YES;
				IPHONEOS_DEPLOYMENT_TARGET = 14.4;
				MTL_ENABLE_DEBUG_INFO = NO;
				MTL_FAST_MATH = YES;
				SDKROOT = iphoneos;
				SWIFT_COMPILATION_MODE = wholemodule;
				SWIFT_OPTIMIZATION_LEVEL = "-O";
				VALIDATE_PRODUCT = YES;
			};
			name = Release;
		};
		3E11DBA625DE162A00ACFFEE /* Debug */ = {
			isa = XCBuildConfiguration;
			baseConfigurationReference = C341D62E7EB804AA98443802 /* Pods-flixster.debug.xcconfig */;
			buildSettings = {
				ASSETCATALOG_COMPILER_APPICON_NAME = AppIcon;
				ASSETCATALOG_COMPILER_GLOBAL_ACCENT_COLOR_NAME = AccentColor;
				CODE_SIGN_STYLE = Automatic;
				INFOPLIST_FILE = flixster/Info.plist;
				LD_RUNPATH_SEARCH_PATHS = (
					"$(inherited)",
					"@executable_path/Frameworks",
				);
				PRODUCT_BUNDLE_IDENTIFIER = codepathShreyas.flixster;
				PRODUCT_NAME = "$(TARGET_NAME)";
				SWIFT_VERSION = 5.0;
				TARGETED_DEVICE_FAMILY = "1,2";
			};
			name = Debug;
		};
		3E11DBA725DE162A00ACFFEE /* Release */ = {
			isa = XCBuildConfiguration;
			baseConfigurationReference = 941F5B05B638272408373C9E /* Pods-flixster.release.xcconfig */;
			buildSettings = {
				ASSETCATALOG_COMPILER_APPICON_NAME = AppIcon;
				ASSETCATALOG_COMPILER_GLOBAL_ACCENT_COLOR_NAME = AccentColor;
				CODE_SIGN_STYLE = Automatic;
				INFOPLIST_FILE = flixster/Info.plist;
				LD_RUNPATH_SEARCH_PATHS = (
					"$(inherited)",
					"@executable_path/Frameworks",
				);
				PRODUCT_BUNDLE_IDENTIFIER = codepathShreyas.flixster;
				PRODUCT_NAME = "$(TARGET_NAME)";
				SWIFT_VERSION = 5.0;
				TARGETED_DEVICE_FAMILY = "1,2";
			};
			name = Release;
		};
		3E11DBA925DE162A00ACFFEE /* Debug */ = {
			isa = XCBuildConfiguration;
			baseConfigurationReference = 0188577D61939CEEEFEF4448 /* Pods-flixsterTests.debug.xcconfig */;
			buildSettings = {
				ALWAYS_EMBED_SWIFT_STANDARD_LIBRARIES = YES;
				BUNDLE_LOADER = "$(TEST_HOST)";
				CODE_SIGN_STYLE = Automatic;
				INFOPLIST_FILE = flixsterTests/Info.plist;
				IPHONEOS_DEPLOYMENT_TARGET = 14.4;
				LD_RUNPATH_SEARCH_PATHS = (
					"$(inherited)",
					"@executable_path/Frameworks",
					"@loader_path/Frameworks",
				);
				PRODUCT_BUNDLE_IDENTIFIER = codepathShreyas.flixsterTests;
				PRODUCT_NAME = "$(TARGET_NAME)";
				SWIFT_VERSION = 5.0;
				TARGETED_DEVICE_FAMILY = "1,2";
				TEST_HOST = "$(BUILT_PRODUCTS_DIR)/flixster.app/flixster";
			};
			name = Debug;
		};
		3E11DBAA25DE162A00ACFFEE /* Release */ = {
			isa = XCBuildConfiguration;
			baseConfigurationReference = AEF3AEBDB0496FFD063E2732 /* Pods-flixsterTests.release.xcconfig */;
			buildSettings = {
				ALWAYS_EMBED_SWIFT_STANDARD_LIBRARIES = YES;
				BUNDLE_LOADER = "$(TEST_HOST)";
				CODE_SIGN_STYLE = Automatic;
				INFOPLIST_FILE = flixsterTests/Info.plist;
				IPHONEOS_DEPLOYMENT_TARGET = 14.4;
				LD_RUNPATH_SEARCH_PATHS = (
					"$(inherited)",
					"@executable_path/Frameworks",
					"@loader_path/Frameworks",
				);
				PRODUCT_BUNDLE_IDENTIFIER = codepathShreyas.flixsterTests;
				PRODUCT_NAME = "$(TARGET_NAME)";
				SWIFT_VERSION = 5.0;
				TARGETED_DEVICE_FAMILY = "1,2";
				TEST_HOST = "$(BUILT_PRODUCTS_DIR)/flixster.app/flixster";
			};
			name = Release;
		};
		3E11DBAC25DE162A00ACFFEE /* Debug */ = {
			isa = XCBuildConfiguration;
			baseConfigurationReference = B8A92EE355944081DB9DCFDB /* Pods-flixster-flixsterUITests.debug.xcconfig */;
			buildSettings = {
				ALWAYS_EMBED_SWIFT_STANDARD_LIBRARIES = YES;
				CODE_SIGN_STYLE = Automatic;
				INFOPLIST_FILE = flixsterUITests/Info.plist;
				LD_RUNPATH_SEARCH_PATHS = (
					"$(inherited)",
					"@executable_path/Frameworks",
					"@loader_path/Frameworks",
				);
				PRODUCT_BUNDLE_IDENTIFIER = codepathShreyas.flixsterUITests;
				PRODUCT_NAME = "$(TARGET_NAME)";
				SWIFT_VERSION = 5.0;
				TARGETED_DEVICE_FAMILY = "1,2";
				TEST_TARGET_NAME = flixster;
			};
			name = Debug;
		};
		3E11DBAD25DE162A00ACFFEE /* Release */ = {
			isa = XCBuildConfiguration;
			baseConfigurationReference = 657F89FB9C13FC1C1EC996B4 /* Pods-flixster-flixsterUITests.release.xcconfig */;
			buildSettings = {
				ALWAYS_EMBED_SWIFT_STANDARD_LIBRARIES = YES;
				CODE_SIGN_STYLE = Automatic;
				INFOPLIST_FILE = flixsterUITests/Info.plist;
				LD_RUNPATH_SEARCH_PATHS = (
					"$(inherited)",
					"@executable_path/Frameworks",
					"@loader_path/Frameworks",
				);
				PRODUCT_BUNDLE_IDENTIFIER = codepathShreyas.flixsterUITests;
				PRODUCT_NAME = "$(TARGET_NAME)";
				SWIFT_VERSION = 5.0;
				TARGETED_DEVICE_FAMILY = "1,2";
				TEST_TARGET_NAME = flixster;
			};
			name = Release;
		};
/* End XCBuildConfiguration section */

/* Begin XCConfigurationList section */
		3E11DB7625DE162800ACFFEE /* Build configuration list for PBXProject "flixster" */ = {
			isa = XCConfigurationList;
			buildConfigurations = (
				3E11DBA325DE162A00ACFFEE /* Debug */,
				3E11DBA425DE162A00ACFFEE /* Release */,
			);
			defaultConfigurationIsVisible = 0;
			defaultConfigurationName = Release;
		};
		3E11DBA525DE162A00ACFFEE /* Build configuration list for PBXNativeTarget "flixster" */ = {
			isa = XCConfigurationList;
			buildConfigurations = (
				3E11DBA625DE162A00ACFFEE /* Debug */,
				3E11DBA725DE162A00ACFFEE /* Release */,
			);
			defaultConfigurationIsVisible = 0;
			defaultConfigurationName = Release;
		};
		3E11DBA825DE162A00ACFFEE /* Build configuration list for PBXNativeTarget "flixsterTests" */ = {
			isa = XCConfigurationList;
			buildConfigurations = (
				3E11DBA925DE162A00ACFFEE /* Debug */,
				3E11DBAA25DE162A00ACFFEE /* Release */,
			);
			defaultConfigurationIsVisible = 0;
			defaultConfigurationName = Release;
		};
		3E11DBAB25DE162A00ACFFEE /* Build configuration list for PBXNativeTarget "flixsterUITests" */ = {
			isa = XCConfigurationList;
			buildConfigurations = (
				3E11DBAC25DE162A00ACFFEE /* Debug */,
				3E11DBAD25DE162A00ACFFEE /* Release */,
			);
			defaultConfigurationIsVisible = 0;
			defaultConfigurationName = Release;
		};
/* End XCConfigurationList section */
	};
	rootObject = 3E11DB7325DE162800ACFFEE /* Project object */;
}
